
Microsoft Visual Studio Solution File, Format Version 12.00
# Visual Studio Version 16
VisualStudioVersion = 16.0.29905.134
MinimumVisualStudioVersion = 10.0.40219.1
Project("{9A19103F-16F7-4668-BE54-9A1E7A4F7556}") = "RazorClassLibraryDemo.WebApp", "RazorClassLibraryDemo.WebApp\RazorClassLibraryDemo.WebApp.csproj", "{743DBC7A-F588-41B5-B68C-E994D9D0F5C9}"
EndProject
Global
	GlobalSection(SolutionConfigurationPlatforms) = preSolution
		Debug|Any CPU = Debug|Any CPU
		Release|Any CPU = Release|Any CPU
	EndGlobalSection
	GlobalSection(ProjectConfigurationPlatforms) = postSolution
		{743DBC7A-F588-41B5-B68C-E994D9D0F5C9}.Debug|Any CPU.ActiveCfg = Debug|Any CPU
		{743DBC7A-F588-41B5-B68C-E994D9D0F5C9}.Debug|Any CPU.Build.0 = Debug|Any CPU
		{743DBC7A-F588-41B5-B68C-E994D9D0F5C9}.Release|Any CPU.ActiveCfg = Release|Any CPU
		{743DBC7A-F588-41B5-B68C-E994D9D0F5C9}.Release|Any CPU.Build.0 = Release|Any CPU
	EndGlobalSection
	GlobalSection(SolutionProperties) = preSolution
		HideSolutionNode = FALSE
	EndGlobalSection
	GlobalSection(ExtensibilityGlobals) = postSolution
		SolutionGuid = {62D15A9A-DC88-4A75-96A0-0229C6A28C66}
	EndGlobalSection
EndGlobal
